%{
  "artificery": {:hex, :artificery, "0.4.0", "e0b8d3eb9dfe8f42c08a620f90a2aa9cef5dba9fcdfcecad5c2be451df159a77", [:mix], [], "hexpm"},
  "certifi": {:hex, :certifi, "2.4.2", "75424ff0f3baaccfd34b1214184b6ef616d89e420b258bb0a5ea7d7bc628f7f0", [:rebar3], [{:parse_trans, "~>3.3", [hex: :parse_trans, repo: "hexpm", optional: false]}], "hexpm"},
  "delta_crdt": {:hex, :delta_crdt, "0.3.1", "a50bff0460da2d9b0559a68c0116bf8f0c3847de272bdce4a391aae2063902d3", [:mix], [], "hexpm"},
  "distillery": {:hex, :distillery, "2.0.12", "6e78fe042df82610ac3fa50bd7d2d8190ad287d120d3cd1682d83a44e8b34dfb", [:mix], [{:artificery, "~> 0.2", [hex: :artificery, repo: "hexpm", optional: false]}], "hexpm"},
  "gen_stage": {:hex, :gen_stage, "0.14.1", "9d46723fda072d4f4bb31a102560013f7960f5d80ea44dcb96fd6304ed61e7a4", [:mix], [], "hexpm"},
  "hackney": {:hex, :hackney, "1.15.0", "287a5d2304d516f63e56c469511c42b016423bcb167e61b611f6bad47e3ca60e", [:rebar3], [{:certifi, "2.4.2", [hex: :certifi, repo: "hexpm", optional: false]}, {:idna, "6.0.0", [hex: :idna, repo: "hexpm", optional: false]}, {:metrics, "1.0.1", [hex: :metrics, repo: "hexpm", optional: false]}, {:mimerl, "1.0.2", [hex: :mimerl, repo: "hexpm", optional: false]}, {:ssl_verify_fun, "1.1.4", [hex: :ssl_verify_fun, repo: "hexpm", optional: false]}], "hexpm"},
  "horde": {:hex, :horde, "0.4.0-rc.2", "06b2c992f5f7cb36beb64e08f0ef95699c40321c336ae44ca52043793138ac0f", [:mix], [{:delta_crdt, "~> 0.2", [hex: :delta_crdt, repo: "hexpm", optional: false]}, {:xxhash, "~> 0.1", [hex: :xxhash, repo: "hexpm", optional: false]}], "hexpm"},
  "httpoison": {:hex, :httpoison, "1.5.0", "71ae9f304bdf7f00e9cd1823f275c955bdfc68282bc5eb5c85c3a9ade865d68e", [:mix], [{:hackney, "~> 1.8", [hex: :hackney, repo: "hexpm", optional: false]}], "hexpm"},
  "idna": {:hex, :idna, "6.0.0", "689c46cbcdf3524c44d5f3dde8001f364cd7608a99556d8fbd8239a5798d4c10", [:rebar3], [{:unicode_util_compat, "0.4.1", [hex: :unicode_util_compat, repo: "hexpm", optional: false]}], "hexpm"},
  "instruments": {:hex, :instruments, "1.1.1", "e76b283bef5c541145caae2c60a53157dcf0c970dfe66618f3ed3e61d233e205", [:mix], [{:recon, "~> 2.3.1", [hex: :recon, repo: "hexpm", optional: false]}, {:statix, "~> 1.0.1", [hex: :statix, repo: "hexpm", optional: false]}], "hexpm"},
  "jason": {:hex, :jason, "1.1.2", "b03dedea67a99223a2eaf9f1264ce37154564de899fd3d8b9a21b1a6fd64afe7", [:mix], [{:decimal, "~> 1.0", [hex: :decimal, repo: "hexpm", optional: true]}], "hexpm"},
  "libcluster": {:hex, :libcluster, "3.0.3", "492e98c7f5c9a6e95b8d51f0b198cf8eab60af3b490f40b958d4bc326d11e40e", [:mix], [{:jason, "~> 1.0", [hex: :jason, repo: "hexpm", optional: false]}], "hexpm"},
  "metrics": {:hex, :metrics, "1.0.1", "25f094dea2cda98213cecc3aeff09e940299d950904393b2a29d191c346a8486", [:rebar3], [], "hexpm"},
  "mimerl": {:hex, :mimerl, "1.0.2", "993f9b0e084083405ed8252b99460c4f0563e41729ab42d9074fd5e52439be88", [:rebar3], [], "hexpm"},
  "parse_trans": {:hex, :parse_trans, "3.3.0", "09765507a3c7590a784615cfd421d101aec25098d50b89d7aa1d66646bc571c1", [:rebar3], [], "hexpm"},
  "poison": {:hex, :poison, "3.1.0", "d9eb636610e096f86f25d9a46f35a9facac35609a7591b3be3326e99a0484665", [:mix], [], "hexpm"},
  "recon": {:hex, :recon, "2.3.6", "2bcad0cf621fb277cabbb6413159cd3aa30265c2dee42c968697988b30108604", [:rebar3], [], "hexpm"},
  "redix": {:hex, :redix, "0.9.1", "7a97d04cef2d88a5042cdb911ee9f2a67fa960c75db2beec6947acbd89a0151d", [:mix], [], "hexpm"},
  "ssl_verify_fun": {:hex, :ssl_verify_fun, "1.1.4", "f0eafff810d2041e93f915ef59899c923f4568f4585904d010387ed74988e77b", [:make, :mix, :rebar3], [], "hexpm"},
  "statix": {:hex, :statix, "1.0.1", "04600d22f44456544cf8b7363b3e3872419b0e0db898d7c373eef098ac7f1200", [:mix], [], "hexpm"},
  "unicode_util_compat": {:hex, :unicode_util_compat, "0.4.1", "d869e4c68901dd9531385bb0c8c40444ebf624e60b6962d95952775cac5e90cd", [:rebar3], [], "hexpm"},
  "websocket_client": {:hex, :websocket_client, "1.2.4", "14ec1ca4b6d247b44ccd9a80af8f6ca98328070f6c1d52a5cb00bc9d939d63b8", [:rebar3], [], "hexpm"},
  "websockex": {:hex, :websockex, "0.4.2", "9a3b7dc25655517ecd3f8ff7109a77fce94956096b942836cdcfbc7c86603ecc", [:mix], [], "hexpm"},
  "xxhash": {:hex, :xxhash, "0.2.1", "ab0893a8124f3c11116c57e500485dc5f67817d1d4c44f0fff41f3fd3c590607", [:mix], [], "hexpm"},
}
